
Microsoft Visual Studio Solution File, Format Version 12.00
# Visual Studio Version 16
VisualStudioVersion = 16.0.31424.327
MinimumVisualStudioVersion = 10.0.40219.1
Project("{FAE04EC0-301F-11D3-BF4B-00C04F79EFBC}") = "Data", "Data\Data.csproj", "{F42D2CD5-B999-40DC-9402-03DF6FD727F1}"
EndProject
Global
	GlobalSection(SolutionConfigurationPlatforms) = preSolution
		Debug|Any CPU = Debug|Any CPU
		Release|Any CPU = Release|Any CPU
	EndGlobalSection
	GlobalSection(ProjectConfigurationPlatforms) = postSolution
		{F42D2CD5-B999-40DC-9402-03DF6FD727F1}.Debug|Any CPU.ActiveCfg = Debug|Any CPU
		{F42D2CD5-B999-40DC-9402-03DF6FD727F1}.Debug|Any CPU.Build.0 = Debug|Any CPU
		{F42D2CD5-B999-40DC-9402-03DF6FD727F1}.Release|Any CPU.ActiveCfg = Release|Any CPU
		{F42D2CD5-B999-40DC-9402-03DF6FD727F1}.Release|Any CPU.Build.0 = Release|Any CPU
	EndGlobalSection
	GlobalSection(SolutionProperties) = preSolution
		HideSolutionNode = FALSE
	EndGlobalSection
	GlobalSection(ExtensibilityGlobals) = postSolution
		SolutionGuid = {24264F32-EEC6-4C9B-ABA1-41F17AE465A4}
	EndGlobalSection
EndGlobal
